
Microsoft Visual Studio Solution File, Format Version 12.00
# Visual Studio Version 16
VisualStudioVersion = 16.0.30114.105
MinimumVisualStudioVersion = 10.0.40219.1
Project("{9A19103F-16F7-4668-BE54-9A1E7A4F7556}") = "Mood Analyser", "Mood Analyser\Mood Analyser.csproj", "{0925B1C3-0B4D-4674-994D-FEC330406BC5}"
EndProject
Project("{9A19103F-16F7-4668-BE54-9A1E7A4F7556}") = "Mood Analyser Test", "Mood Analyser Test\Mood Analyser Test.csproj", "{C5DFD785-E84F-419C-8D2F-FBBA64FBC19F}"
EndProject
Global
	GlobalSection(SolutionConfigurationPlatforms) = preSolution
		Debug|Any CPU = Debug|Any CPU
		Debug|x64 = Debug|x64
		Release|Any CPU = Release|Any CPU
		Release|x64 = Release|x64
	EndGlobalSection
	GlobalSection(ProjectConfigurationPlatforms) = postSolution
		{0925B1C3-0B4D-4674-994D-FEC330406BC5}.Debug|Any CPU.ActiveCfg = Debug|Any CPU
		{0925B1C3-0B4D-4674-994D-FEC330406BC5}.Debug|Any CPU.Build.0 = Debug|Any CPU
		{0925B1C3-0B4D-4674-994D-FEC330406BC5}.Debug|x64.ActiveCfg = Debug|Any CPU
		{0925B1C3-0B4D-4674-994D-FEC330406BC5}.Debug|x64.Build.0 = Debug|Any CPU
		{0925B1C3-0B4D-4674-994D-FEC330406BC5}.Release|Any CPU.ActiveCfg = Release|Any CPU
		{0925B1C3-0B4D-4674-994D-FEC330406BC5}.Release|Any CPU.Build.0 = Release|Any CPU
		{0925B1C3-0B4D-4674-994D-FEC330406BC5}.Release|x64.ActiveCfg = Release|x64
		{0925B1C3-0B4D-4674-994D-FEC330406BC5}.Release|x64.Build.0 = Release|x64
		{C5DFD785-E84F-419C-8D2F-FBBA64FBC19F}.Debug|Any CPU.ActiveCfg = Debug|Any CPU
		{C5DFD785-E84F-419C-8D2F-FBBA64FBC19F}.Debug|Any CPU.Build.0 = Debug|Any CPU
		{C5DFD785-E84F-419C-8D2F-FBBA64FBC19F}.Debug|x64.ActiveCfg = Debug|Any CPU
		{C5DFD785-E84F-419C-8D2F-FBBA64FBC19F}.Debug|x64.Build.0 = Debug|Any CPU
		{C5DFD785-E84F-419C-8D2F-FBBA64FBC19F}.Release|Any CPU.ActiveCfg = Release|Any CPU
		{C5DFD785-E84F-419C-8D2F-FBBA64FBC19F}.Release|Any CPU.Build.0 = Release|Any CPU
		{C5DFD785-E84F-419C-8D2F-FBBA64FBC19F}.Release|x64.ActiveCfg = Release|x64
		{C5DFD785-E84F-419C-8D2F-FBBA64FBC19F}.Release|x64.Build.0 = Release|x64
	EndGlobalSection
	GlobalSection(SolutionProperties) = preSolution
		HideSolutionNode = FALSE
	EndGlobalSection
	GlobalSection(ExtensibilityGlobals) = postSolution
		SolutionGuid = {45FED86D-90CF-4DC6-8CBD-D6339CEFBFF3}
	EndGlobalSection
EndGlobal
